
Microsoft Visual Studio Solution File, Format Version 12.00
# Visual Studio Version 17
VisualStudioVersion = 17.5.002.0
MinimumVisualStudioVersion = 10.0.40219.1
Project("{9A19103F-16F7-4668-BE54-9A1E7A4F7556}") = "AP1", "AP1.csproj", "{D2D0CFC0-E1DE-4BEC-90A4-F6B564E4290D}"
EndProject
Global
	GlobalSection(SolutionConfigurationPlatforms) = preSolution
		Debug|Any CPU = Debug|Any CPU
		Release|Any CPU = Release|Any CPU
	EndGlobalSection
	GlobalSection(ProjectConfigurationPlatforms) = postSolution
		{D2D0CFC0-E1DE-4BEC-90A4-F6B564E4290D}.Debug|Any CPU.ActiveCfg = Debug|Any CPU
		{D2D0CFC0-E1DE-4BEC-90A4-F6B564E4290D}.Debug|Any CPU.Build.0 = Debug|Any CPU
		{D2D0CFC0-E1DE-4BEC-90A4-F6B564E4290D}.Release|Any CPU.ActiveCfg = Release|Any CPU
		{D2D0CFC0-E1DE-4BEC-90A4-F6B564E4290D}.Release|Any CPU.Build.0 = Release|Any CPU
	EndGlobalSection
	GlobalSection(SolutionProperties) = preSolution
		HideSolutionNode = FALSE
	EndGlobalSection
	GlobalSection(ExtensibilityGlobals) = postSolution
		SolutionGuid = {CD2E4103-6D8F-4B8B-95A5-E432794F2C1B}
	EndGlobalSection
EndGlobal
